
Microsoft Visual Studio Solution File, Format Version 12.00
# Visual Studio 15
VisualStudioVersion = 15.0.26206.0
MinimumVisualStudioVersion = 10.0.40219.1
Project("{151D2E53-A2C4-4D7D-83FE-D05416EBD58E}") = "YAW-SQL", "YAW-SQL\YAW-SQL.deployproj", "{E55DD831-D33A-4CB5-BCDB-5049CD8077AB}"
EndProject
Global
	GlobalSection(SolutionConfigurationPlatforms) = preSolution
		Debug|Any CPU = Debug|Any CPU
		Release|Any CPU = Release|Any CPU
	EndGlobalSection
	GlobalSection(ProjectConfigurationPlatforms) = postSolution
		{E55DD831-D33A-4CB5-BCDB-5049CD8077AB}.Debug|Any CPU.ActiveCfg = Debug|Any CPU
		{E55DD831-D33A-4CB5-BCDB-5049CD8077AB}.Debug|Any CPU.Build.0 = Debug|Any CPU
		{E55DD831-D33A-4CB5-BCDB-5049CD8077AB}.Release|Any CPU.ActiveCfg = Release|Any CPU
		{E55DD831-D33A-4CB5-BCDB-5049CD8077AB}.Release|Any CPU.Build.0 = Release|Any CPU
	EndGlobalSection
	GlobalSection(SolutionProperties) = preSolution
		HideSolutionNode = FALSE
	EndGlobalSection
EndGlobal
